{
  "requires": true,
  "lockfileVersion": 1,
  "dependencies": {
    "bootstrap": {
      "version": "4.0.0",
      "resolved": "https://registry.npmjs.org/bootstrap/-/bootstrap-4.0.0.tgz",
      "integrity": "sha512-gulJE5dGFo6Q61V/whS6VM4WIyrlydXfCgkE+Gxe5hjrJ8rXLLZlALq7zq2RPhOc45PSwQpJkrTnc2KgD6cvmA=="
    },
    "bootstrap-icons": {
      "version": "1.0.0-alpha4",
      "resolved": "https://registry.npmjs.org/bootstrap-icons/-/bootstrap-icons-1.0.0-alpha4.tgz",
      "integrity": "sha512-UcpSUPsvUiW7ueBQfXZSgknJv/rj060dglhWIRPjkLjUWa32jMWqsLXO8tXY2od4Ew6cuh0BJ3f8VOhQPVY4mA=="
    }
  }
}
